// !$*UTF8*$!
{
	archiveVersion = 1;
	classes = {
	};
	objectVersion = 77;
	objects = {

/* Begin PBXContainerItemProxy section */
		F3D9F5292C9CD45500B8EFFE /* PBXContainerItemProxy */ = {
			isa = PBXContainerItemProxy;
			containerPortal = F3D9F5102C9CD45300B8EFFE /* Project object */;
			proxyType = 1;
			remoteGlobalIDString = F3D9F5172C9CD45300B8EFFE;
			remoteInfo = SwiftUIFYI;
		};
		F3D9F5332C9CD45500B8EFFE /* PBXContainerItemProxy */ = {
			isa = PBXContainerItemProxy;
			containerPortal = F3D9F5102C9CD45300B8EFFE /* Project object */;
			proxyType = 1;
			remoteGlobalIDString = F3D9F5172C9CD45300B8EFFE;
			remoteInfo = SwiftUIFYI;
		};
/* End PBXContainerItemProxy section */

/* Begin PBXFileReference section */
		F3D9F5182C9CD45300B8EFFE /* SwiftUIFYI.app */ = {isa = PBXFileReference; explicitFileType = wrapper.application; includeInIndex = 0; path = SwiftUIFYI.app; sourceTree = BUILT_PRODUCTS_DIR; };
		F3D9F5282C9CD45500B8EFFE /* SwiftUIFYITests.xctest */ = {isa = PBXFileReference; explicitFileType = wrapper.cfbundle; includeInIndex = 0; path = SwiftUIFYITests.xctest; sourceTree = BUILT_PRODUCTS_DIR; };
		F3D9F5322C9CD45500B8EFFE /* SwiftUIFYIUITests.xctest */ = {isa = PBXFileReference; explicitFileType = wrapper.cfbundle; includeInIndex = 0; path = SwiftUIFYIUITests.xctest; sourceTree = BUILT_PRODUCTS_DIR; };
/* End PBXFileReference section */

/* Begin PBXFileSystemSynchronizedRootGroup section */
		F3D9F51A2C9CD45300B8EFFE /* SwiftUIFYI */ = {
			isa = PBXFileSystemSynchronizedRootGroup;
			path = SwiftUIFYI;
			sourceTree = "<group>";
		};
		F3D9F52B2C9CD45500B8EFFE /* SwiftUIFYITests */ = {
			isa = PBXFileSystemSynchronizedRootGroup;
			path = SwiftUIFYITests;
			sourceTree = "<group>";
		};
		F3D9F5352C9CD45500B8EFFE /* SwiftUIFYIUITests */ = {
			isa = PBXFileSystemSynchronizedRootGroup;
			path = SwiftUIFYIUITests;
			sourceTree = "<group>";
		};
/* End PBXFileSystemSynchronizedRootGroup section */

/* Begin PBXFrameworksBuildPhase section */
		F3D9F5152C9CD45300B8EFFE /* Frameworks */ = {
			isa = PBXFrameworksBuildPhase;
			buildActionMask = 2147483647;
			files = (
			);
			runOnlyForDeploymentPostprocessing = 0;
		};
		F3D9F5252C9CD45500B8EFFE /* Frameworks */ = {
			isa = PBXFrameworksBuildPhase;
			buildActionMask = 2147483647;
			files = (
			);
			runOnlyForDeploymentPostprocessing = 0;
		};
		F3D9F52F2C9CD45500B8EFFE /* Frameworks */ = {
			isa = PBXFrameworksBuildPhase;
			buildActionMask = 2147483647;
			files = (
			);
			runOnlyForDeploymentPostprocessing = 0;
		};
/* End PBXFrameworksBuildPhase section */

/* Begin PBXGroup section */
		F3D9F50F2C9CD45300B8EFFE = {
			isa = PBXGroup;
			children = (
				F3D9F51A2C9CD45300B8EFFE /* SwiftUIFYI */,
				F3D9F52B2C9CD45500B8EFFE /* SwiftUIFYITests */,
				F3D9F5352C9CD45500B8EFFE /* SwiftUIFYIUITests */,
				F3D9F5192C9CD45300B8EFFE /* Products */,
			);
			sourceTree = "<group>";
		};
		F3D9F5192C9CD45300B8EFFE /* Products */ = {
			isa = PBXGroup;
			children = (
				F3D9F5182C9CD45300B8EFFE /* SwiftUIFYI.app */,
				F3D9F5282C9CD45500B8EFFE /* SwiftUIFYITests.xctest */,
				F3D9F5322C9CD45500B8EFFE /* SwiftUIFYIUITests.xctest */,
			);
			name = Products;
			sourceTree = "<group>";
		};
/* End PBXGroup section */

/* Begin PBXNativeTarget section */
		F3D9F5172C9CD45300B8EFFE /* SwiftUIFYI */ = {
			isa = PBXNativeTarget;
			buildConfigurationList = F3D9F53C2C9CD45500B8EFFE /* Build configuration list for PBXNativeTarget "SwiftUIFYI" */;
			buildPhases = (
				F3D9F5142C9CD45300B8EFFE /* Sources */,
				F3D9F5152C9CD45300B8EFFE /* Frameworks */,
				F3D9F5162C9CD45300B8EFFE /* Resources */,
			);
			buildRules = (
			);
			dependencies = (
			);
			fileSystemSynchronizedGroups = (
				F3D9F51A2C9CD45300B8EFFE /* SwiftUIFYI */,
			);
			name = SwiftUIFYI;
			packageProductDependencies = (
			);
			productName = SwiftUIFYI;
			productReference = F3D9F5182C9CD45300B8EFFE /* SwiftUIFYI.app */;
			productType = "com.apple.product-type.application";
		};
		F3D9F5272C9CD45500B8EFFE /* SwiftUIFYITests */ = {
			isa = PBXNativeTarget;
			buildConfigurationList = F3D9F53F2C9CD45500B8EFFE /* Build configuration list for PBXNativeTarget "SwiftUIFYITests" */;
			buildPhases = (
				F3D9F5242C9CD45500B8EFFE /* Sources */,
				F3D9F5252C9CD45500B8EFFE /* Frameworks */,
				F3D9F5262C9CD45500B8EFFE /* Resources */,
			);
			buildRules = (
			);
			dependencies = (
				F3D9F52A2C9CD45500B8EFFE /* PBXTargetDependency */,
			);
			fileSystemSynchronizedGroups = (
				F3D9F52B2C9CD45500B8EFFE /* SwiftUIFYITests */,
			);
			name = SwiftUIFYITests;
			packageProductDependencies = (
			);
			productName = SwiftUIFYITests;
			productReference = F3D9F5282C9CD45500B8EFFE /* SwiftUIFYITests.xctest */;
			productType = "com.apple.product-type.bundle.unit-test";
		};
		F3D9F5312C9CD45500B8EFFE /* SwiftUIFYIUITests */ = {
			isa = PBXNativeTarget;
			buildConfigurationList = F3D9F5422C9CD45500B8EFFE /* Build configuration list for PBXNativeTarget "SwiftUIFYIUITests" */;
			buildPhases = (
				F3D9F52E2C9CD45500B8EFFE /* Sources */,
				F3D9F52F2C9CD45500B8EFFE /* Frameworks */,
				F3D9F5302C9CD45500B8EFFE /* Resources */,
			);
			buildRules = (
			);
			dependencies = (
				F3D9F5342C9CD45500B8EFFE /* PBXTargetDependency */,
			);
			fileSystemSynchronizedGroups = (
				F3D9F5352C9CD45500B8EFFE /* SwiftUIFYIUITests */,
			);
			name = SwiftUIFYIUITests;
			packageProductDependencies = (
			);
			productName = SwiftUIFYIUITests;
			productReference = F3D9F5322C9CD45500B8EFFE /* SwiftUIFYIUITests.xctest */;
			productType = "com.apple.product-type.bundle.ui-testing";
		};
/* End PBXNativeTarget section */

/* Begin PBXProject section */
		F3D9F5102C9CD45300B8EFFE /* Project object */ = {
			isa = PBXProject;
			attributes = {
				BuildIndependentTargetsInParallel = 1;
				LastSwiftUpdateCheck = 1600;
				LastUpgradeCheck = 1600;
				TargetAttributes = {
					F3D9F5172C9CD45300B8EFFE = {
						CreatedOnToolsVersion = 16.0;
					};
					F3D9F5272C9CD45500B8EFFE = {
						CreatedOnToolsVersion = 16.0;
						TestTargetID = F3D9F5172C9CD45300B8EFFE;
					};
					F3D9F5312C9CD45500B8EFFE = {
						CreatedOnToolsVersion = 16.0;
						TestTargetID = F3D9F5172C9CD45300B8EFFE;
					};
				};
			};
			buildConfigurationList = F3D9F5132C9CD45300B8EFFE /* Build configuration list for PBXProject "SwiftUIFYI" */;
			developmentRegion = en;
			hasScannedForEncodings = 0;
			knownRegions = (
				en,
				Base,
			);
			mainGroup = F3D9F50F2C9CD45300B8EFFE;
			minimizedProjectReferenceProxies = 1;
			preferredProjectObjectVersion = 77;
			productRefGroup = F3D9F5192C9CD45300B8EFFE /* Products */;
			projectDirPath = "";
			projectRoot = "";
			targets = (
				F3D9F5172C9CD45300B8EFFE /* SwiftUIFYI */,
				F3D9F5272C9CD45500B8EFFE /* SwiftUIFYITests */,
				F3D9F5312C9CD45500B8EFFE /* SwiftUIFYIUITests */,
			);
		};
/* End PBXProject section */

/* Begin PBXResourcesBuildPhase section */
		F3D9F5162C9CD45300B8EFFE /* Resources */ = {
			isa = PBXResourcesBuildPhase;
			buildActionMask = 2147483647;
			files = (
			);
			runOnlyForDeploymentPostprocessing = 0;
		};
		F3D9F5262C9CD45500B8EFFE /* Resources */ = {
			isa = PBXResourcesBuildPhase;
			buildActionMask = 2147483647;
			files = (
			);
			runOnlyForDeploymentPostprocessing = 0;
		};
		F3D9F5302C9CD45500B8EFFE /* Resources */ = {
			isa = PBXResourcesBuildPhase;
			buildActionMask = 2147483647;
			files = (
			);
			runOnlyForDeploymentPostprocessing = 0;
		};
/* End PBXResourcesBuildPhase section */

/* Begin PBXSourcesBuildPhase section */
		F3D9F5142C9CD45300B8EFFE /* Sources */ = {
			isa = PBXSourcesBuildPhase;
			buildActionMask = 2147483647;
			files = (
			);
			runOnlyForDeploymentPostprocessing = 0;
		};
		F3D9F5242C9CD45500B8EFFE /* Sources */ = {
			isa = PBXSourcesBuildPhase;
			buildActionMask = 2147483647;
			files = (
			);
			runOnlyForDeploymentPostprocessing = 0;
		};
		F3D9F52E2C9CD45500B8EFFE /* Sources */ = {
			isa = PBXSourcesBuildPhase;
			buildActionMask = 2147483647;
			files = (
			);
			runOnlyForDeploymentPostprocessing = 0;
		};
/* End PBXSourcesBuildPhase section */

/* Begin PBXTargetDependency section */
		F3D9F52A2C9CD45500B8EFFE /* PBXTargetDependency */ = {
			isa = PBXTargetDependency;
			target = F3D9F5172C9CD45300B8EFFE /* SwiftUIFYI */;
			targetProxy = F3D9F5292C9CD45500B8EFFE /* PBXContainerItemProxy */;
		};
		F3D9F5342C9CD45500B8EFFE /* PBXTargetDependency */ = {
			isa = PBXTargetDependency;
			target = F3D9F5172C9CD45300B8EFFE /* SwiftUIFYI */;
			targetProxy = F3D9F5332C9CD45500B8EFFE /* PBXContainerItemProxy */;
		};
/* End PBXTargetDependency section */

/* Begin XCBuildConfiguration section */
		F3D9F53A2C9CD45500B8EFFE /* Debug */ = {
			isa = XCBuildConfiguration;
			buildSettings = {
				ALWAYS_SEARCH_USER_PATHS = NO;
				ASSETCATALOG_COMPILER_GENERATE_SWIFT_ASSET_SYMBOL_EXTENSIONS = YES;
				CLANG_ANALYZER_NONNULL = YES;
				CLANG_ANALYZER_NUMBER_OBJECT_CONVERSION = YES_AGGRESSIVE;
				CLANG_CXX_LANGUAGE_STANDARD = "gnu++20";
				CLANG_ENABLE_MODULES = YES;
				CLANG_ENABLE_OBJC_ARC = YES;
				CLANG_ENABLE_OBJC_WEAK = YES;
				CLANG_WARN_BLOCK_CAPTURE_AUTORELEASING = YES;
				CLANG_WARN_BOOL_CONVERSION = YES;
				CLANG_WARN_COMMA = YES;
				CLANG_WARN_CONSTANT_CONVERSION = YES;
				CLANG_WARN_DEPRECATED_OBJC_IMPLEMENTATIONS = YES;
				CLANG_WARN_DIRECT_OBJC_ISA_USAGE = YES_ERROR;
				CLANG_WARN_DOCUMENTATION_COMMENTS = YES;
				CLANG_WARN_EMPTY_BODY = YES;
				CLANG_WARN_ENUM_CONVERSION = YES;
				CLANG_WARN_INFINITE_RECURSION = YES;
				CLANG_WARN_INT_CONVERSION = YES;
				CLANG_WARN_NON_LITERAL_NULL_CONVERSION = YES;
				CLANG_WARN_OBJC_IMPLICIT_RETAIN_SELF = YES;
				CLANG_WARN_OBJC_LITERAL_CONVERSION = YES;
				CLANG_WARN_OBJC_ROOT_CLASS = YES_ERROR;
				CLANG_WARN_QUOTED_INCLUDE_IN_FRAMEWORK_HEADER = YES;
				CLANG_WARN_RANGE_LOOP_ANALYSIS = YES;
				CLANG_WARN_STRICT_PROTOTYPES = YES;
				CLANG_WARN_SUSPICIOUS_MOVE = YES;
				CLANG_WARN_UNGUARDED_AVAILABILITY = YES_AGGRESSIVE;
				CLANG_WARN_UNREACHABLE_CODE = YES;
				CLANG_WARN__DUPLICATE_METHOD_MATCH = YES;
				COPY_PHASE_STRIP = NO;
				DEBUG_INFORMATION_FORMAT = dwarf;
				ENABLE_STRICT_OBJC_MSGSEND = YES;
				ENABLE_TESTABILITY = YES;
				ENABLE_USER_SCRIPT_SANDBOXING = YES;
				GCC_C_LANGUAGE_STANDARD = gnu17;
				GCC_DYNAMIC_NO_PIC = NO;
				GCC_NO_COMMON_BLOCKS = YES;
				GCC_OPTIMIZATION_LEVEL = 0;
				GCC_PREPROCESSOR_DEFINITIONS = (
					"DEBUG=1",
					"$(inherited)",
				);
				GCC_WARN_64_TO_32_BIT_CONVERSION = YES;
				GCC_WARN_ABOUT_RETURN_TYPE = YES_ERROR;
				GCC_WARN_UNDECLARED_SELECTOR = YES;
				GCC_WARN_UNINITIALIZED_AUTOS = YES_AGGRESSIVE;
				GCC_WARN_UNUSED_FUNCTION = YES;
				GCC_WARN_UNUSED_VARIABLE = YES;
				IPHONEOS_DEPLOYMENT_TARGET = 18.0;
				LOCALIZATION_PREFERS_STRING_CATALOGS = YES;
				MTL_ENABLE_DEBUG_INFO = INCLUDE_SOURCE;
				MTL_FAST_MATH = YES;
				ONLY_ACTIVE_ARCH = YES;
				SDKROOT = iphoneos;
				SWIFT_ACTIVE_COMPILATION_CONDITIONS = "DEBUG $(inherited)";
				SWIFT_OPTIMIZATION_LEVEL = "-Onone";
			};
			name = Debug;
		};
		F3D9F53B2C9CD45500B8EFFE /* Release */ = {
			isa = XCBuildConfiguration;
			buildSettings = {
				ALWAYS_SEARCH_USER_PATHS = NO;
				ASSETCATALOG_COMPILER_GENERATE_SWIFT_ASSET_SYMBOL_EXTENSIONS = YES;
				CLANG_ANALYZER_NONNULL = YES;
				CLANG_ANALYZER_NUMBER_OBJECT_CONVERSION = YES_AGGRESSIVE;
				CLANG_CXX_LANGUAGE_STANDARD = "gnu++20";
				CLANG_ENABLE_MODULES = YES;
				CLANG_ENABLE_OBJC_ARC = YES;
				CLANG_ENABLE_OBJC_WEAK = YES;
				CLANG_WARN_BLOCK_CAPTURE_AUTORELEASING = YES;
				CLANG_WARN_BOOL_CONVERSION = YES;
				CLANG_WARN_COMMA = YES;
				CLANG_WARN_CONSTANT_CONVERSION = YES;
				CLANG_WARN_DEPRECATED_OBJC_IMPLEMENTATIONS = YES;
				CLANG_WARN_DIRECT_OBJC_ISA_USAGE = YES_ERROR;
				CLANG_WARN_DOCUMENTATION_COMMENTS = YES;
				CLANG_WARN_EMPTY_BODY = YES;
				CLANG_WARN_ENUM_CONVERSION = YES;
				CLANG_WARN_INFINITE_RECURSION = YES;
				CLANG_WARN_INT_CONVERSION = YES;
				CLANG_WARN_NON_LITERAL_NULL_CONVERSION = YES;
				CLANG_WARN_OBJC_IMPLICIT_RETAIN_SELF = YES;
				CLANG_WARN_OBJC_LITERAL_CONVERSION = YES;
				CLANG_WARN_OBJC_ROOT_CLASS = YES_ERROR;
				CLANG_WARN_QUOTED_INCLUDE_IN_FRAMEWORK_HEADER = YES;
				CLANG_WARN_RANGE_LOOP_ANALYSIS = YES;
				CLANG_WARN_STRICT_PROTOTYPES = YES;
				CLANG_WARN_SUSPICIOUS_MOVE = YES;
				CLANG_WARN_UNGUARDED_AVAILABILITY = YES_AGGRESSIVE;
				CLANG_WARN_UNREACHABLE_CODE = YES;
				CLANG_WARN__DUPLICATE_METHOD_MATCH = YES;
				COPY_PHASE_STRIP = NO;
				DEBUG_INFORMATION_FORMAT = "dwarf-with-dsym";
				ENABLE_NS_ASSERTIONS = NO;
				ENABLE_STRICT_OBJC_MSGSEND = YES;
				ENABLE_USER_SCRIPT_SANDBOXING = YES;
				GCC_C_LANGUAGE_STANDARD = gnu17;
				GCC_NO_COMMON_BLOCKS = YES;
				GCC_WARN_64_TO_32_BIT_CONVERSION = YES;
				GCC_WARN_ABOUT_RETURN_TYPE = YES_ERROR;
				GCC_WARN_UNDECLARED_SELECTOR = YES;
				GCC_WARN_UNINITIALIZED_AUTOS = YES_AGGRESSIVE;
				GCC_WARN_UNUSED_FUNCTION = YES;
				GCC_WARN_UNUSED_VARIABLE = YES;
				IPHONEOS_DEPLOYMENT_TARGET = 18.0;
				LOCALIZATION_PREFERS_STRING_CATALOGS = YES;
				MTL_ENABLE_DEBUG_INFO = NO;
				MTL_FAST_MATH = YES;
				SDKROOT = iphoneos;
				SWIFT_COMPILATION_MODE = wholemodule;
				VALIDATE_PRODUCT = YES;
			};
			name = Release;
		};
		F3D9F53D2C9CD45500B8EFFE /* Debug */ = {
			isa = XCBuildConfiguration;
			buildSettings = {
				ASSETCATALOG_COMPILER_APPICON_NAME = AppIcon;
				ASSETCATALOG_COMPILER_GLOBAL_ACCENT_COLOR_NAME = AccentColor;
				CODE_SIGN_STYLE = Automatic;
				CURRENT_PROJECT_VERSION = 1;
				DEVELOPMENT_ASSET_PATHS = "\"SwiftUIFYI/Preview Content\"";
				DEVELOPMENT_TEAM = 8NHVLDHS8F;
				ENABLE_PREVIEWS = YES;
				GENERATE_INFOPLIST_FILE = YES;
				INFOPLIST_KEY_UIApplicationSceneManifest_Generation = YES;
				INFOPLIST_KEY_UIApplicationSupportsIndirectInputEvents = YES;
				INFOPLIST_KEY_UILaunchScreen_Generation = YES;
				INFOPLIST_KEY_UISupportedInterfaceOrientations_iPad = "UIInterfaceOrientationPortrait UIInterfaceOrientationPortraitUpsideDown UIInterfaceOrientationLandscapeLeft UIInterfaceOrientationLandscapeRight";
				INFOPLIST_KEY_UISupportedInterfaceOrientations_iPhone = "UIInterfaceOrientationPortrait UIInterfaceOrientationLandscapeLeft UIInterfaceOrientationLandscapeRight";
				LD_RUNPATH_SEARCH_PATHS = (
					"$(inherited)",
					"@executable_path/Frameworks",
				);
				MARKETING_VERSION = 1.0;
				PRODUCT_BUNDLE_IDENTIFIER = com.wellnessappfactory.SwiftUIFYI;
				PRODUCT_NAME = "$(TARGET_NAME)";
				SWIFT_EMIT_LOC_STRINGS = YES;
				SWIFT_VERSION = 5.0;
				TARGETED_DEVICE_FAMILY = "1,2";
			};
			name = Debug;
		};
		F3D9F53E2C9CD45500B8EFFE /* Release */ = {
			isa = XCBuildConfiguration;
			buildSettings = {
				ASSETCATALOG_COMPILER_APPICON_NAME = AppIcon;
				ASSETCATALOG_COMPILER_GLOBAL_ACCENT_COLOR_NAME = AccentColor;
				CODE_SIGN_STYLE = Automatic;
				CURRENT_PROJECT_VERSION = 1;
				DEVELOPMENT_ASSET_PATHS = "\"SwiftUIFYI/Preview Content\"";
				DEVELOPMENT_TEAM = 8NHVLDHS8F;
				ENABLE_PREVIEWS = YES;
				GENERATE_INFOPLIST_FILE = YES;
				INFOPLIST_KEY_UIApplicationSceneManifest_Generation = YES;
				INFOPLIST_KEY_UIApplicationSupportsIndirectInputEvents = YES;
				INFOPLIST_KEY_UILaunchScreen_Generation = YES;
				INFOPLIST_KEY_UISupportedInterfaceOrientations_iPad = "UIInterfaceOrientationPortrait UIInterfaceOrientationPortraitUpsideDown UIInterfaceOrientationLandscapeLeft UIInterfaceOrientationLandscapeRight";
				INFOPLIST_KEY_UISupportedInterfaceOrientations_iPhone = "UIInterfaceOrientationPortrait UIInterfaceOrientationLandscapeLeft UIInterfaceOrientationLandscapeRight";
				LD_RUNPATH_SEARCH_PATHS = (
					"$(inherited)",
					"@executable_path/Frameworks",
				);
				MARKETING_VERSION = 1.0;
				PRODUCT_BUNDLE_IDENTIFIER = com.wellnessappfactory.SwiftUIFYI;
				PRODUCT_NAME = "$(TARGET_NAME)";
				SWIFT_EMIT_LOC_STRINGS = YES;
				SWIFT_VERSION = 5.0;
				TARGETED_DEVICE_FAMILY = "1,2";
			};
			name = Release;
		};
		F3D9F5402C9CD45500B8EFFE /* Debug */ = {
			isa = XCBuildConfiguration;
			buildSettings = {
				BUNDLE_LOADER = "$(TEST_HOST)";
				CODE_SIGN_STYLE = Automatic;
				CURRENT_PROJECT_VERSION = 1;
				DEVELOPMENT_TEAM = 8NHVLDHS8F;
				GENERATE_INFOPLIST_FILE = YES;
				IPHONEOS_DEPLOYMENT_TARGET = 18.0;
				MARKETING_VERSION = 1.0;
				PRODUCT_BUNDLE_IDENTIFIER = com.wellnessappfactory.SwiftUIFYITests;
				PRODUCT_NAME = "$(TARGET_NAME)";
				SWIFT_EMIT_LOC_STRINGS = NO;
				SWIFT_VERSION = 5.0;
				TARGETED_DEVICE_FAMILY = "1,2";
				TEST_HOST = "$(BUILT_PRODUCTS_DIR)/SwiftUIFYI.app/$(BUNDLE_EXECUTABLE_FOLDER_PATH)/SwiftUIFYI";
			};
			name = Debug;
		};
		F3D9F5412C9CD45500B8EFFE /* Release */ = {
			isa = XCBuildConfiguration;
			buildSettings = {
				BUNDLE_LOADER = "$(TEST_HOST)";
				CODE_SIGN_STYLE = Automatic;
				CURRENT_PROJECT_VERSION = 1;
				DEVELOPMENT_TEAM = 8NHVLDHS8F;
				GENERATE_INFOPLIST_FILE = YES;
				IPHONEOS_DEPLOYMENT_TARGET = 18.0;
				MARKETING_VERSION = 1.0;
				PRODUCT_BUNDLE_IDENTIFIER = com.wellnessappfactory.SwiftUIFYITests;
				PRODUCT_NAME = "$(TARGET_NAME)";
				SWIFT_EMIT_LOC_STRINGS = NO;
				SWIFT_VERSION = 5.0;
				TARGETED_DEVICE_FAMILY = "1,2";
				TEST_HOST = "$(BUILT_PRODUCTS_DIR)/SwiftUIFYI.app/$(BUNDLE_EXECUTABLE_FOLDER_PATH)/SwiftUIFYI";
			};
			name = Release;
		};
		F3D9F5432C9CD45500B8EFFE /* Debug */ = {
			isa = XCBuildConfiguration;
			buildSettings = {
				CODE_SIGN_STYLE = Automatic;
				CURRENT_PROJECT_VERSION = 1;
				DEVELOPMENT_TEAM = 8NHVLDHS8F;
				GENERATE_INFOPLIST_FILE = YES;
				MARKETING_VERSION = 1.0;
				PRODUCT_BUNDLE_IDENTIFIER = com.wellnessappfactory.SwiftUIFYIUITests;
				PRODUCT_NAME = "$(TARGET_NAME)";
				SWIFT_EMIT_LOC_STRINGS = NO;
				SWIFT_VERSION = 5.0;
				TARGETED_DEVICE_FAMILY = "1,2";
				TEST_TARGET_NAME = SwiftUIFYI;
			};
			name = Debug;
		};
		F3D9F5442C9CD45500B8EFFE /* Release */ = {
			isa = XCBuildConfiguration;
			buildSettings = {
				CODE_SIGN_STYLE = Automatic;
				CURRENT_PROJECT_VERSION = 1;
				DEVELOPMENT_TEAM = 8NHVLDHS8F;
				GENERATE_INFOPLIST_FILE = YES;
				MARKETING_VERSION = 1.0;
				PRODUCT_BUNDLE_IDENTIFIER = com.wellnessappfactory.SwiftUIFYIUITests;
				PRODUCT_NAME = "$(TARGET_NAME)";
				SWIFT_EMIT_LOC_STRINGS = NO;
				SWIFT_VERSION = 5.0;
				TARGETED_DEVICE_FAMILY = "1,2";
				TEST_TARGET_NAME = SwiftUIFYI;
			};
			name = Release;
		};
/* End XCBuildConfiguration section */

/* Begin XCConfigurationList section */
		F3D9F5132C9CD45300B8EFFE /* Build configuration list for PBXProject "SwiftUIFYI" */ = {
			isa = XCConfigurationList;
			buildConfigurations = (
				F3D9F53A2C9CD45500B8EFFE /* Debug */,
				F3D9F53B2C9CD45500B8EFFE /* Release */,
			);
			defaultConfigurationIsVisible = 0;
			defaultConfigurationName = Release;
		};
		F3D9F53C2C9CD45500B8EFFE /* Build configuration list for PBXNativeTarget "SwiftUIFYI" */ = {
			isa = XCConfigurationList;
			buildConfigurations = (
				F3D9F53D2C9CD45500B8EFFE /* Debug */,
				F3D9F53E2C9CD45500B8EFFE /* Release */,
			);
			defaultConfigurationIsVisible = 0;
			defaultConfigurationName = Release;
		};
		F3D9F53F2C9CD45500B8EFFE /* Build configuration list for PBXNativeTarget "SwiftUIFYITests" */ = {
			isa = XCConfigurationList;
			buildConfigurations = (
				F3D9F5402C9CD45500B8EFFE /* Debug */,
				F3D9F5412C9CD45500B8EFFE /* Release */,
			);
			defaultConfigurationIsVisible = 0;
			defaultConfigurationName = Release;
		};
		F3D9F5422C9CD45500B8EFFE /* Build configuration list for PBXNativeTarget "SwiftUIFYIUITests" */ = {
			isa = XCConfigurationList;
			buildConfigurations = (
				F3D9F5432C9CD45500B8EFFE /* Debug */,
				F3D9F5442C9CD45500B8EFFE /* Release */,
			);
			defaultConfigurationIsVisible = 0;
			defaultConfigurationName = Release;
		};
/* End XCConfigurationList section */
	};
	rootObject = F3D9F5102C9CD45300B8EFFE /* Project object */;
}
